// !$*UTF8*$!
{
	archiveVersion = 1;
	classes = {
	};
	objectVersion = 46;
	objects = {

/* Begin PBXBuildFile section */
		27691E791D3DC1A3002512CC /* AppDelegate.swift in Sources */ = {isa = PBXBuildFile; fileRef = 27691E781D3DC1A3002512CC /* AppDelegate.swift */; };
		27691E7B1D3DC1A3002512CC /* ViewController.swift in Sources */ = {isa = PBXBuildFile; fileRef = 27691E7A1D3DC1A3002512CC /* ViewController.swift */; };
		27691E7E1D3DC1A3002512CC /* Main.storyboard in Resources */ = {isa = PBXBuildFile; fileRef = 27691E7C1D3DC1A3002512CC /* Main.storyboard */; };
		27691E801D3DC1A3002512CC /* Assets.xcassets in Resources */ = {isa = PBXBuildFile; fileRef = 27691E7F1D3DC1A3002512CC /* Assets.xcassets */; };
		27691E831D3DC1A3002512CC /* LaunchScreen.storyboard in Resources */ = {isa = PBXBuildFile; fileRef = 27691E811D3DC1A3002512CC /* LaunchScreen.storyboard */; };
		27691E8B1D3DC25C002512CC /* Character.swift in Sources */ = {isa = PBXBuildFile; fileRef = 27691E8A1D3DC25C002512CC /* Character.swift */; };
		27691E8D1D3DC3BB002512CC /* Player.swift in Sources */ = {isa = PBXBuildFile; fileRef = 27691E8C1D3DC3BB002512CC /* Player.swift */; };
		27691E8F1D3DC528002512CC /* Enemy.swift in Sources */ = {isa = PBXBuildFile; fileRef = 27691E8E1D3DC528002512CC /* Enemy.swift */; };
		27691E911D3DC6E0002512CC /* Kimara.swift in Sources */ = {isa = PBXBuildFile; fileRef = 27691E901D3DC6E0002512CC /* Kimara.swift */; };
		27691E931D3DC82C002512CC /* DevilWizard.swift in Sources */ = {isa = PBXBuildFile; fileRef = 27691E921D3DC82C002512CC /* DevilWizard.swift */; };
/* End PBXBuildFile section */

/* Begin PBXFileReference section */
		27691E751D3DC1A3002512CC /* rpgoopgame.app */ = {isa = PBXFileReference; explicitFileType = wrapper.application; includeInIndex = 0; path = rpgoopgame.app; sourceTree = BUILT_PRODUCTS_DIR; };
		27691E781D3DC1A3002512CC /* AppDelegate.swift */ = {isa = PBXFileReference; lastKnownFileType = sourcecode.swift; path = AppDelegate.swift; sourceTree = "<group>"; };
		27691E7A1D3DC1A3002512CC /* ViewController.swift */ = {isa = PBXFileReference; lastKnownFileType = sourcecode.swift; path = ViewController.swift; sourceTree = "<group>"; };
		27691E7D1D3DC1A3002512CC /* Base */ = {isa = PBXFileReference; lastKnownFileType = file.storyboard; name = Base; path = Base.lproj/Main.storyboard; sourceTree = "<group>"; };
		27691E7F1D3DC1A3002512CC /* Assets.xcassets */ = {isa = PBXFileReference; lastKnownFileType = folder.assetcatalog; path = Assets.xcassets; sourceTree = "<group>"; };
		27691E821D3DC1A3002512CC /* Base */ = {isa = PBXFileReference; lastKnownFileType = file.storyboard; name = Base; path = Base.lproj/LaunchScreen.storyboard; sourceTree = "<group>"; };
		27691E841D3DC1A3002512CC /* Info.plist */ = {isa = PBXFileReference; lastKnownFileType = text.plist.xml; path = Info.plist; sourceTree = "<group>"; };
		27691E8A1D3DC25C002512CC /* Character.swift */ = {isa = PBXFileReference; fileEncoding = 4; lastKnownFileType = sourcecode.swift; path = Character.swift; sourceTree = "<group>"; };
		27691E8C1D3DC3BB002512CC /* Player.swift */ = {isa = PBXFileReference; fileEncoding = 4; lastKnownFileType = sourcecode.swift; path = Player.swift; sourceTree = "<group>"; };
		27691E8E1D3DC528002512CC /* Enemy.swift */ = {isa = PBXFileReference; fileEncoding = 4; lastKnownFileType = sourcecode.swift; path = Enemy.swift; sourceTree = "<group>"; };
		27691E901D3DC6E0002512CC /* Kimara.swift */ = {isa = PBXFileReference; fileEncoding = 4; lastKnownFileType = sourcecode.swift; path = Kimara.swift; sourceTree = "<group>"; };
		27691E921D3DC82C002512CC /* DevilWizard.swift */ = {isa = PBXFileReference; fileEncoding = 4; lastKnownFileType = sourcecode.swift; path = DevilWizard.swift; sourceTree = "<group>"; };
/* End PBXFileReference section */

/* Begin PBXFrameworksBuildPhase section */
		27691E721D3DC1A3002512CC /* Frameworks */ = {
			isa = PBXFrameworksBuildPhase;
			buildActionMask = 2147483647;
			files = (
			);
			runOnlyForDeploymentPostprocessing = 0;
		};
/* End PBXFrameworksBuildPhase section */

/* Begin PBXGroup section */
		27691E6C1D3DC1A3002512CC = {
			isa = PBXGroup;
			children = (
				27691E771D3DC1A3002512CC /* rpgoopgame */,
				27691E761D3DC1A3002512CC /* Products */,
			);
			sourceTree = "<group>";
		};
		27691E761D3DC1A3002512CC /* Products */ = {
			isa = PBXGroup;
			children = (
				27691E751D3DC1A3002512CC /* rpgoopgame.app */,
			);
			name = Products;
			sourceTree = "<group>";
		};
		27691E771D3DC1A3002512CC /* rpgoopgame */ = {
			isa = PBXGroup;
			children = (
				27691E781D3DC1A3002512CC /* AppDelegate.swift */,
				27691E7A1D3DC1A3002512CC /* ViewController.swift */,
				27691E7C1D3DC1A3002512CC /* Main.storyboard */,
				27691E7F1D3DC1A3002512CC /* Assets.xcassets */,
				27691E811D3DC1A3002512CC /* LaunchScreen.storyboard */,
				27691E841D3DC1A3002512CC /* Info.plist */,
				27691E8A1D3DC25C002512CC /* Character.swift */,
				27691E8C1D3DC3BB002512CC /* Player.swift */,
				27691E8E1D3DC528002512CC /* Enemy.swift */,
				27691E901D3DC6E0002512CC /* Kimara.swift */,
				27691E921D3DC82C002512CC /* DevilWizard.swift */,
			);
			path = rpgoopgame;
			sourceTree = "<group>";
		};
/* End PBXGroup section */

/* Begin PBXNativeTarget section */
		27691E741D3DC1A3002512CC /* rpgoopgame */ = {
			isa = PBXNativeTarget;
			buildConfigurationList = 27691E871D3DC1A3002512CC /* Build configuration list for PBXNativeTarget "rpgoopgame" */;
			buildPhases = (
				27691E711D3DC1A3002512CC /* Sources */,
				27691E721D3DC1A3002512CC /* Frameworks */,
				27691E731D3DC1A3002512CC /* Resources */,
			);
			buildRules = (
			);
			dependencies = (
			);
			name = rpgoopgame;
			productName = rpgoopgame;
			productReference = 27691E751D3DC1A3002512CC /* rpgoopgame.app */;
			productType = "com.apple.product-type.application";
		};
/* End PBXNativeTarget section */

/* Begin PBXProject section */
		27691E6D1D3DC1A3002512CC /* Project object */ = {
			isa = PBXProject;
			attributes = {
				LastSwiftUpdateCheck = 0730;
				LastUpgradeCheck = 0730;
				ORGANIZATIONNAME = TheNewThirty;
				TargetAttributes = {
					27691E741D3DC1A3002512CC = {
						CreatedOnToolsVersion = 7.3.1;
					};
				};
			};
			buildConfigurationList = 27691E701D3DC1A3002512CC /* Build configuration list for PBXProject "rpgoopgame" */;
			compatibilityVersion = "Xcode 3.2";
			developmentRegion = English;
			hasScannedForEncodings = 0;
			knownRegions = (
				en,
				Base,
			);
			mainGroup = 27691E6C1D3DC1A3002512CC;
			productRefGroup = 27691E761D3DC1A3002512CC /* Products */;
			projectDirPath = "";
			projectRoot = "";
			targets = (
				27691E741D3DC1A3002512CC /* rpgoopgame */,
			);
		};
/* End PBXProject section */

/* Begin PBXResourcesBuildPhase section */
		27691E731D3DC1A3002512CC /* Resources */ = {
			isa = PBXResourcesBuildPhase;
			buildActionMask = 2147483647;
			files = (
				27691E831D3DC1A3002512CC /* LaunchScreen.storyboard in Resources */,
				27691E801D3DC1A3002512CC /* Assets.xcassets in Resources */,
				27691E7E1D3DC1A3002512CC /* Main.storyboard in Resources */,
			);
			runOnlyForDeploymentPostprocessing = 0;
		};
/* End PBXResourcesBuildPhase section */

/* Begin PBXSourcesBuildPhase section */
		27691E711D3DC1A3002512CC /* Sources */ = {
			isa = PBXSourcesBuildPhase;
			buildActionMask = 2147483647;
			files = (
				27691E8D1D3DC3BB002512CC /* Player.swift in Sources */,
				27691E8F1D3DC528002512CC /* Enemy.swift in Sources */,
				27691E931D3DC82C002512CC /* DevilWizard.swift in Sources */,
				27691E911D3DC6E0002512CC /* Kimara.swift in Sources */,
				27691E8B1D3DC25C002512CC /* Character.swift in Sources */,
				27691E7B1D3DC1A3002512CC /* ViewController.swift in Sources */,
				27691E791D3DC1A3002512CC /* AppDelegate.swift in Sources */,
			);
			runOnlyForDeploymentPostprocessing = 0;
		};
/* End PBXSourcesBuildPhase section */

/* Begin PBXVariantGroup section */
		27691E7C1D3DC1A3002512CC /* Main.storyboard */ = {
			isa = PBXVariantGroup;
			children = (
				27691E7D1D3DC1A3002512CC /* Base */,
			);
			name = Main.storyboard;
			sourceTree = "<group>";
		};
		27691E811D3DC1A3002512CC /* LaunchScreen.storyboard */ = {
			isa = PBXVariantGroup;
			children = (
				27691E821D3DC1A3002512CC /* Base */,
			);
			name = LaunchScreen.storyboard;
			sourceTree = "<group>";
		};
/* End PBXVariantGroup section */

/* Begin XCBuildConfiguration section */
		27691E851D3DC1A3002512CC /* Debug */ = {
			isa = XCBuildConfiguration;
			buildSettings = {
				ALWAYS_SEARCH_USER_PATHS = NO;
				CLANG_ANALYZER_NONNULL = YES;
				CLANG_CXX_LANGUAGE_STANDARD = "gnu++0x";
				CLANG_CXX_LIBRARY = "libc++";
				CLANG_ENABLE_MODULES = YES;
				CLANG_ENABLE_OBJC_ARC = YES;
				CLANG_WARN_BOOL_CONVERSION = YES;
				CLANG_WARN_CONSTANT_CONVERSION = YES;
				CLANG_WARN_DIRECT_OBJC_ISA_USAGE = YES_ERROR;
				CLANG_WARN_EMPTY_BODY = YES;
				CLANG_WARN_ENUM_CONVERSION = YES;
				CLANG_WARN_INT_CONVERSION = YES;
				CLANG_WARN_OBJC_ROOT_CLASS = YES_ERROR;
				CLANG_WARN_UNREACHABLE_CODE = YES;
				CLANG_WARN__DUPLICATE_METHOD_MATCH = YES;
				"CODE_SIGN_IDENTITY[sdk=iphoneos*]" = "iPhone Developer";
				COPY_PHASE_STRIP = NO;
				DEBUG_INFORMATION_FORMAT = dwarf;
				ENABLE_STRICT_OBJC_MSGSEND = YES;
				ENABLE_TESTABILITY = YES;
				GCC_C_LANGUAGE_STANDARD = gnu99;
				GCC_DYNAMIC_NO_PIC = NO;
				GCC_NO_COMMON_BLOCKS = YES;
				GCC_OPTIMIZATION_LEVEL = 0;
				GCC_PREPROCESSOR_DEFINITIONS = (
					"DEBUG=1",
					"$(inherited)",
				);
				GCC_WARN_64_TO_32_BIT_CONVERSION = YES;
				GCC_WARN_ABOUT_RETURN_TYPE = YES_ERROR;
				GCC_WARN_UNDECLARED_SELECTOR = YES;
				GCC_WARN_UNINITIALIZED_AUTOS = YES_AGGRESSIVE;
				GCC_WARN_UNUSED_FUNCTION = YES;
				GCC_WARN_UNUSED_VARIABLE = YES;
				IPHONEOS_DEPLOYMENT_TARGET = 9.3;
				MTL_ENABLE_DEBUG_INFO = YES;
				ONLY_ACTIVE_ARCH = YES;
				SDKROOT = iphoneos;
				SWIFT_OPTIMIZATION_LEVEL = "-Onone";
				TARGETED_DEVICE_FAMILY = "1,2";
			};
			name = Debug;
		};
		27691E861D3DC1A3002512CC /* Release */ = {
			isa = XCBuildConfiguration;
			buildSettings = {
				ALWAYS_SEARCH_USER_PATHS = NO;
				CLANG_ANALYZER_NONNULL = YES;
				CLANG_CXX_LANGUAGE_STANDARD = "gnu++0x";
				CLANG_CXX_LIBRARY = "libc++";
				CLANG_ENABLE_MODULES = YES;
				CLANG_ENABLE_OBJC_ARC = YES;
				CLANG_WARN_BOOL_CONVERSION = YES;
				CLANG_WARN_CONSTANT_CONVERSION = YES;
				CLANG_WARN_DIRECT_OBJC_ISA_USAGE = YES_ERROR;
				CLANG_WARN_EMPTY_BODY = YES;
				CLANG_WARN_ENUM_CONVERSION = YES;
				CLANG_WARN_INT_CONVERSION = YES;
				CLANG_WARN_OBJC_ROOT_CLASS = YES_ERROR;
				CLANG_WARN_UNREACHABLE_CODE = YES;
				CLANG_WARN__DUPLICATE_METHOD_MATCH = YES;
				"CODE_SIGN_IDENTITY[sdk=iphoneos*]" = "iPhone Developer";
				COPY_PHASE_STRIP = NO;
				DEBUG_INFORMATION_FORMAT = "dwarf-with-dsym";
				ENABLE_NS_ASSERTIONS = NO;
				ENABLE_STRICT_OBJC_MSGSEND = YES;
				GCC_C_LANGUAGE_STANDARD = gnu99;
				GCC_NO_COMMON_BLOCKS = YES;
				GCC_WARN_64_TO_32_BIT_CONVERSION = YES;
				GCC_WARN_ABOUT_RETURN_TYPE = YES_ERROR;
				GCC_WARN_UNDECLARED_SELECTOR = YES;
				GCC_WARN_UNINITIALIZED_AUTOS = YES_AGGRESSIVE;
				GCC_WARN_UNUSED_FUNCTION = YES;
				GCC_WARN_UNUSED_VARIABLE = YES;
				IPHONEOS_DEPLOYMENT_TARGET = 9.3;
				MTL_ENABLE_DEBUG_INFO = NO;
				SDKROOT = iphoneos;
				TARGETED_DEVICE_FAMILY = "1,2";
				VALIDATE_PRODUCT = YES;
			};
			name = Release;
		};
		27691E881D3DC1A3002512CC /* Debug */ = {
			isa = XCBuildConfiguration;
			buildSettings = {
				ASSETCATALOG_COMPILER_APPICON_NAME = AppIcon;
				INFOPLIST_FILE = rpgoopgame/Info.plist;
				LD_RUNPATH_SEARCH_PATHS = "$(inherited) @executable_path/Frameworks";
				PRODUCT_BUNDLE_IDENTIFIER = com.thenewthirty.rpgoopgame;
				PRODUCT_NAME = "$(TARGET_NAME)";
			};
			name = Debug;
		};
		27691E891D3DC1A3002512CC /* Release */ = {
			isa = XCBuildConfiguration;
			buildSettings = {
				ASSETCATALOG_COMPILER_APPICON_NAME = AppIcon;
				INFOPLIST_FILE = rpgoopgame/Info.plist;
				LD_RUNPATH_SEARCH_PATHS = "$(inherited) @executable_path/Frameworks";
				PRODUCT_BUNDLE_IDENTIFIER = com.thenewthirty.rpgoopgame;
				PRODUCT_NAME = "$(TARGET_NAME)";
			};
			name = Release;
		};
/* End XCBuildConfiguration section */

/* Begin XCConfigurationList section */
		27691E701D3DC1A3002512CC /* Build configuration list for PBXProject "rpgoopgame" */ = {
			isa = XCConfigurationList;
			buildConfigurations = (
				27691E851D3DC1A3002512CC /* Debug */,
				27691E861D3DC1A3002512CC /* Release */,
			);
			defaultConfigurationIsVisible = 0;
			defaultConfigurationName = Release;
		};
		27691E871D3DC1A3002512CC /* Build configuration list for PBXNativeTarget "rpgoopgame" */ = {
			isa = XCConfigurationList;
			buildConfigurations = (
				27691E881D3DC1A3002512CC /* Debug */,
				27691E891D3DC1A3002512CC /* Release */,
			);
			defaultConfigurationIsVisible = 0;
		};
/* End XCConfigurationList section */
	};
	rootObject = 27691E6D1D3DC1A3002512CC /* Project object */;
}
